
Microsoft Visual Studio Solution File, Format Version 12.00
# Visual Studio Version 16
VisualStudioVersion = 16.0.31702.278
MinimumVisualStudioVersion = 10.0.40219.1
Project("{FAE04EC0-301F-11D3-BF4B-00C04F79EFBC}") = "PaymentAPI", "PaymentAPI\PaymentAPI.csproj", "{FCD8208B-BE81-4FC4-A23F-533268DAD442}"
EndProject
Global
	GlobalSection(SolutionConfigurationPlatforms) = preSolution
		Debug|Any CPU = Debug|Any CPU
		Release|Any CPU = Release|Any CPU
	EndGlobalSection
	GlobalSection(ProjectConfigurationPlatforms) = postSolution
		{FCD8208B-BE81-4FC4-A23F-533268DAD442}.Debug|Any CPU.ActiveCfg = Debug|Any CPU
		{FCD8208B-BE81-4FC4-A23F-533268DAD442}.Debug|Any CPU.Build.0 = Debug|Any CPU
		{FCD8208B-BE81-4FC4-A23F-533268DAD442}.Release|Any CPU.ActiveCfg = Release|Any CPU
		{FCD8208B-BE81-4FC4-A23F-533268DAD442}.Release|Any CPU.Build.0 = Release|Any CPU
	EndGlobalSection
	GlobalSection(SolutionProperties) = preSolution
		HideSolutionNode = FALSE
	EndGlobalSection
	GlobalSection(ExtensibilityGlobals) = postSolution
		SolutionGuid = {81A7B0DB-2F8E-4746-8BD5-B268B2896525}
	EndGlobalSection
EndGlobal
